{
  "name": "ello-fullstack-test",
  "lockfileVersion": 3,
  "requires": true,
  "packages": {
    "": {
      "dependencies": {
        "@fontsource/mulish": "^5.0.18"
      }
    },
    "node_modules/@fontsource/mulish": {
      "version": "5.0.18",
      "resolved": "https://registry.npmjs.org/@fontsource/mulish/-/mulish-5.0.18.tgz",
      "integrity": "sha512-vcJcdhJpd10NLsWq5Op6++zEs5UhnVf1BdjvN1Uv+jOGmYD/PFTE/V8IxN1FO/jNY4x27gMdRy2mTMXU+ST6Kw=="
    }
  }
}
